
Microsoft Visual Studio Solution File, Format Version 12.00
# Visual Studio Version 17
VisualStudioVersion = 17.9.34728.123
MinimumVisualStudioVersion = 10.0.40219.1
Project("{FAE04EC0-301F-11D3-BF4B-00C04F79EFBC}") = "WebAppPruebaTecnica", "WebAppPruebaTecnica\WebAppPruebaTecnica.csproj", "{BE0CD597-D813-4745-85D7-A5630D58D1AB}"
EndProject
Global
	GlobalSection(SolutionConfigurationPlatforms) = preSolution
		Debug|Any CPU = Debug|Any CPU
		Release|Any CPU = Release|Any CPU
	EndGlobalSection
	GlobalSection(ProjectConfigurationPlatforms) = postSolution
		{BE0CD597-D813-4745-85D7-A5630D58D1AB}.Debug|Any CPU.ActiveCfg = Debug|Any CPU
		{BE0CD597-D813-4745-85D7-A5630D58D1AB}.Debug|Any CPU.Build.0 = Debug|Any CPU
		{BE0CD597-D813-4745-85D7-A5630D58D1AB}.Release|Any CPU.ActiveCfg = Release|Any CPU
		{BE0CD597-D813-4745-85D7-A5630D58D1AB}.Release|Any CPU.Build.0 = Release|Any CPU
	EndGlobalSection
	GlobalSection(SolutionProperties) = preSolution
		HideSolutionNode = FALSE
	EndGlobalSection
	GlobalSection(ExtensibilityGlobals) = postSolution
		SolutionGuid = {28CF44D3-568E-4948-A9DF-F9145A3D0F00}
	EndGlobalSection
EndGlobal
